
Microsoft Visual Studio Solution File, Format Version 12.00
# Visual Studio 15
VisualStudioVersion = 15.0.28307.329
MinimumVisualStudioVersion = 10.0.40219.1
Project("{FAE04EC0-301F-11D3-BF4B-00C04F79EFBC}") = "DemoAppGitHub", "DemoAppGitHub\DemoAppGitHub.csproj", "{2F1A5F7B-7C91-4822-861C-D0A7C043A558}"
EndProject
Project("{FAE04EC0-301F-11D3-BF4B-00C04F79EFBC}") = "DemoAppGitHub.Tests", "DemoAppGitHub.Tests\DemoAppGitHub.Tests.csproj", "{D973EB36-94C8-4A16-8ECA-30EE11C090D1}"
EndProject
Global
	GlobalSection(SolutionConfigurationPlatforms) = preSolution
		Debug|Any CPU = Debug|Any CPU
		Release|Any CPU = Release|Any CPU
	EndGlobalSection
	GlobalSection(ProjectConfigurationPlatforms) = postSolution
		{2F1A5F7B-7C91-4822-861C-D0A7C043A558}.Debug|Any CPU.ActiveCfg = Debug|Any CPU
		{2F1A5F7B-7C91-4822-861C-D0A7C043A558}.Debug|Any CPU.Build.0 = Debug|Any CPU
		{2F1A5F7B-7C91-4822-861C-D0A7C043A558}.Release|Any CPU.ActiveCfg = Release|Any CPU
		{2F1A5F7B-7C91-4822-861C-D0A7C043A558}.Release|Any CPU.Build.0 = Release|Any CPU
		{D973EB36-94C8-4A16-8ECA-30EE11C090D1}.Debug|Any CPU.ActiveCfg = Debug|Any CPU
		{D973EB36-94C8-4A16-8ECA-30EE11C090D1}.Debug|Any CPU.Build.0 = Debug|Any CPU
		{D973EB36-94C8-4A16-8ECA-30EE11C090D1}.Release|Any CPU.ActiveCfg = Release|Any CPU
		{D973EB36-94C8-4A16-8ECA-30EE11C090D1}.Release|Any CPU.Build.0 = Release|Any CPU
	EndGlobalSection
	GlobalSection(SolutionProperties) = preSolution
		HideSolutionNode = FALSE
	EndGlobalSection
	GlobalSection(ExtensibilityGlobals) = postSolution
		SolutionGuid = {6A27E45E-A4B3-4CCE-AD8A-F3BE87E42D9F}
	EndGlobalSection
EndGlobal
